
Microsoft Visual Studio Solution File, Format Version 12.00
# Visual Studio 15
VisualStudioVersion = 15.0.26403.7
MinimumVisualStudioVersion = 10.0.40219.1
Project("{8BC9CEB8-8B4A-11D0-8D11-00A0C91BC942}") = "nwol", "nwol\nwol.vcxproj", "{B18EB504-48CD-47EC-AB45-570E91A19993}"
EndProject
Project("{8BC9CEB8-8B4A-11D0-8D11-00A0C91BC942}") = "nwoa", "nwoa\nwoa.vcxproj", "{D40F97CA-EB86-4197-8FCD-52D1C33CD61C}"
	ProjectSection(ProjectDependencies) = postProject
		{B18EB504-48CD-47EC-AB45-570E91A19993} = {B18EB504-48CD-47EC-AB45-570E91A19993}
		{E8429258-1001-4768-9B81-5E26B1330E1E} = {E8429258-1001-4768-9B81-5E26B1330E1E}
	EndProjectSection
EndProject
Project("{8BC9CEB8-8B4A-11D0-8D11-00A0C91BC942}") = "nwor_selector", "nwor_selector\nwor_selector.vcxproj", "{267786EF-0F78-41B1-8C5A-3FFE507FB9B3}"
	ProjectSection(ProjectDependencies) = postProject
		{B18EB504-48CD-47EC-AB45-570E91A19993} = {B18EB504-48CD-47EC-AB45-570E91A19993}
		{E8429258-1001-4768-9B81-5E26B1330E1E} = {E8429258-1001-4768-9B81-5E26B1330E1E}
		{37F435E0-9FA4-4085-AC41-9117A6123BBE} = {37F435E0-9FA4-4085-AC41-9117A6123BBE}
	EndProjectSection
EndProject
Project("{8BC9CEB8-8B4A-11D0-8D11-00A0C91BC942}") = "nwos", "nwos\nwos.vcxproj", "{89961DA7-324D-4CFB-87D2-FBAA35FABE3F}"
	ProjectSection(ProjectDependencies) = postProject
		{B18EB504-48CD-47EC-AB45-570E91A19993} = {B18EB504-48CD-47EC-AB45-570E91A19993}
		{E8429258-1001-4768-9B81-5E26B1330E1E} = {E8429258-1001-4768-9B81-5E26B1330E1E}
	EndProjectSection
EndProject
Project("{8BC9CEB8-8B4A-11D0-8D11-00A0C91BC942}") = "tictactoe", "tictactoe\tictactoe.vcxproj", "{59C9ED54-6CFB-4C6C-8CBB-47BCA29CD88C}"
	ProjectSection(ProjectDependencies) = postProject
		{B18EB504-48CD-47EC-AB45-570E91A19993} = {B18EB504-48CD-47EC-AB45-570E91A19993}
		{E8429258-1001-4768-9B81-5E26B1330E1E} = {E8429258-1001-4768-9B81-5E26B1330E1E}
	EndProjectSection
EndProject
Project("{8BC9CEB8-8B4A-11D0-8D11-00A0C91BC942}") = "gods", "gods\gods.vcxproj", "{E8429258-1001-4768-9B81-5E26B1330E1E}"
EndProject
Project("{8BC9CEB8-8B4A-11D0-8D11-00A0C91BC942}") = "android_nwol", "android_nwol\android_nwol.vcxproj", "{9E0801C8-D392-4D64-84D8-4D8C9A143B80}"
EndProject
Project("{8BC9CEB8-8B4A-11D0-8D11-00A0C91BC942}") = "android_nwor", "android_nwor\android_nwor.vcxproj", "{96BD7A95-3686-4F98-9842-94BF34DC5B53}"
EndProject
Project("{8BC9CEB8-8B4A-11D0-8D11-00A0C91BC942}") = "android_gods", "android_gods\android_gods.vcxproj", "{C8507827-FA01-4C33-8372-9913A3256635}"
EndProject
Project("{8BC9CEB8-8B4A-11D0-8D11-00A0C91BC942}") = "nwor", "nwor\nwor.vcxproj", "{37F435E0-9FA4-4085-AC41-9117A6123BBE}"
	ProjectSection(ProjectDependencies) = postProject
		{B18EB504-48CD-47EC-AB45-570E91A19993} = {B18EB504-48CD-47EC-AB45-570E91A19993}
	EndProjectSection
EndProject
Project("{8BC9CEB8-8B4A-11D0-8D11-00A0C91BC942}") = "nwoc", "nwoc\nwoc.vcxproj", "{15D1D5CF-CB02-4A18-B586-1BBF7A7CE425}"
	ProjectSection(ProjectDependencies) = postProject
		{B18EB504-48CD-47EC-AB45-570E91A19993} = {B18EB504-48CD-47EC-AB45-570E91A19993}
		{E8429258-1001-4768-9B81-5E26B1330E1E} = {E8429258-1001-4768-9B81-5E26B1330E1E}
	EndProjectSection
EndProject
Project("{8BC9CEB8-8B4A-11D0-8D11-00A0C91BC942}") = "nwor_input", "nwor_input\nwor_input.vcxproj", "{17AB1E80-12BE-48C3-B8E9-98E2D1B13B23}"
	ProjectSection(ProjectDependencies) = postProject
		{B18EB504-48CD-47EC-AB45-570E91A19993} = {B18EB504-48CD-47EC-AB45-570E91A19993}
		{E8429258-1001-4768-9B81-5E26B1330E1E} = {E8429258-1001-4768-9B81-5E26B1330E1E}
		{37F435E0-9FA4-4085-AC41-9117A6123BBE} = {37F435E0-9FA4-4085-AC41-9117A6123BBE}
		{267786EF-0F78-41B1-8C5A-3FFE507FB9B3} = {267786EF-0F78-41B1-8C5A-3FFE507FB9B3}
	EndProjectSection
EndProject
Project("{8BC9CEB8-8B4A-11D0-8D11-00A0C91BC942}") = "ascii_reference", "ascii_reference\ascii_reference.vcxproj", "{B9712065-2F73-471B-ADD8-5975E24D8455}"
EndProject
Global
	GlobalSection(SolutionConfigurationPlatforms) = preSolution
		Debug|ARM = Debug|ARM
		Debug|ARM64 = Debug|ARM64
		Debug|Tegra-Android = Debug|Tegra-Android
		Debug|x64 = Debug|x64
		Debug|x86 = Debug|x86
		Release|ARM = Release|ARM
		Release|ARM64 = Release|ARM64
		Release|Tegra-Android = Release|Tegra-Android
		Release|x64 = Release|x64
		Release|x86 = Release|x86
		Shipping|ARM = Shipping|ARM
		Shipping|ARM64 = Shipping|ARM64
		Shipping|Tegra-Android = Shipping|Tegra-Android
		Shipping|x64 = Shipping|x64
		Shipping|x86 = Shipping|x86
	EndGlobalSection
	GlobalSection(ProjectConfigurationPlatforms) = postSolution
		{B18EB504-48CD-47EC-AB45-570E91A19993}.Debug|ARM.ActiveCfg = Debug|Win32
		{B18EB504-48CD-47EC-AB45-570E91A19993}.Debug|ARM64.ActiveCfg = Debug|Win32
		{B18EB504-48CD-47EC-AB45-570E91A19993}.Debug|Tegra-Android.ActiveCfg = Debug|Win32
		{B18EB504-48CD-47EC-AB45-570E91A19993}.Debug|x64.ActiveCfg = Debug|x64
		{B18EB504-48CD-47EC-AB45-570E91A19993}.Debug|x64.Build.0 = Debug|x64
		{B18EB504-48CD-47EC-AB45-570E91A19993}.Debug|x86.ActiveCfg = Debug|Win32
		{B18EB504-48CD-47EC-AB45-570E91A19993}.Debug|x86.Build.0 = Debug|Win32
		{B18EB504-48CD-47EC-AB45-570E91A19993}.Release|ARM.ActiveCfg = Release|Win32
		{B18EB504-48CD-47EC-AB45-570E91A19993}.Release|ARM64.ActiveCfg = Release|Win32
		{B18EB504-48CD-47EC-AB45-570E91A19993}.Release|Tegra-Android.ActiveCfg = Release|Win32
		{B18EB504-48CD-47EC-AB45-570E91A19993}.Release|x64.ActiveCfg = Release|x64
		{B18EB504-48CD-47EC-AB45-570E91A19993}.Release|x64.Build.0 = Release|x64
		{B18EB504-48CD-47EC-AB45-570E91A19993}.Release|x86.ActiveCfg = Release|Win32
		{B18EB504-48CD-47EC-AB45-570E91A19993}.Release|x86.Build.0 = Release|Win32
		{B18EB504-48CD-47EC-AB45-570E91A19993}.Shipping|ARM.ActiveCfg = Release|x64
		{B18EB504-48CD-47EC-AB45-570E91A19993}.Shipping|ARM.Build.0 = Release|x64
		{B18EB504-48CD-47EC-AB45-570E91A19993}.Shipping|ARM64.ActiveCfg = Release|x64
		{B18EB504-48CD-47EC-AB45-570E91A19993}.Shipping|ARM64.Build.0 = Release|x64
		{B18EB504-48CD-47EC-AB45-570E91A19993}.Shipping|Tegra-Android.ActiveCfg = Release|x64
		{B18EB504-48CD-47EC-AB45-570E91A19993}.Shipping|Tegra-Android.Build.0 = Release|x64
		{B18EB504-48CD-47EC-AB45-570E91A19993}.Shipping|x64.ActiveCfg = Release|x64
		{B18EB504-48CD-47EC-AB45-570E91A19993}.Shipping|x64.Build.0 = Release|x64
		{B18EB504-48CD-47EC-AB45-570E91A19993}.Shipping|x86.ActiveCfg = Release|Win32
		{B18EB504-48CD-47EC-AB45-570E91A19993}.Shipping|x86.Build.0 = Release|Win32
		{D40F97CA-EB86-4197-8FCD-52D1C33CD61C}.Debug|ARM.ActiveCfg = Debug|Win32
		{D40F97CA-EB86-4197-8FCD-52D1C33CD61C}.Debug|ARM64.ActiveCfg = Debug|Win32
		{D40F97CA-EB86-4197-8FCD-52D1C33CD61C}.Debug|Tegra-Android.ActiveCfg = Debug|Win32
		{D40F97CA-EB86-4197-8FCD-52D1C33CD61C}.Debug|x64.ActiveCfg = Debug|x64
		{D40F97CA-EB86-4197-8FCD-52D1C33CD61C}.Debug|x64.Build.0 = Debug|x64
		{D40F97CA-EB86-4197-8FCD-52D1C33CD61C}.Debug|x64.Deploy.0 = Debug|x64
		{D40F97CA-EB86-4197-8FCD-52D1C33CD61C}.Debug|x86.ActiveCfg = Debug|Win32
		{D40F97CA-EB86-4197-8FCD-52D1C33CD61C}.Debug|x86.Build.0 = Debug|Win32
		{D40F97CA-EB86-4197-8FCD-52D1C33CD61C}.Debug|x86.Deploy.0 = Debug|Win32
		{D40F97CA-EB86-4197-8FCD-52D1C33CD61C}.Release|ARM.ActiveCfg = Release|Win32
		{D40F97CA-EB86-4197-8FCD-52D1C33CD61C}.Release|ARM64.ActiveCfg = Release|Win32
		{D40F97CA-EB86-4197-8FCD-52D1C33CD61C}.Release|Tegra-Android.ActiveCfg = Release|Win32
		{D40F97CA-EB86-4197-8FCD-52D1C33CD61C}.Release|x64.ActiveCfg = Release|x64
		{D40F97CA-EB86-4197-8FCD-52D1C33CD61C}.Release|x64.Build.0 = Release|x64
		{D40F97CA-EB86-4197-8FCD-52D1C33CD61C}.Release|x64.Deploy.0 = Release|x64
		{D40F97CA-EB86-4197-8FCD-52D1C33CD61C}.Release|x86.ActiveCfg = Release|Win32
		{D40F97CA-EB86-4197-8FCD-52D1C33CD61C}.Release|x86.Build.0 = Release|Win32
		{D40F97CA-EB86-4197-8FCD-52D1C33CD61C}.Release|x86.Deploy.0 = Release|Win32
		{D40F97CA-EB86-4197-8FCD-52D1C33CD61C}.Shipping|ARM.ActiveCfg = Release|x64
		{D40F97CA-EB86-4197-8FCD-52D1C33CD61C}.Shipping|ARM.Build.0 = Release|x64
		{D40F97CA-EB86-4197-8FCD-52D1C33CD61C}.Shipping|ARM64.ActiveCfg = Release|x64
		{D40F97CA-EB86-4197-8FCD-52D1C33CD61C}.Shipping|ARM64.Build.0 = Release|x64
		{D40F97CA-EB86-4197-8FCD-52D1C33CD61C}.Shipping|Tegra-Android.ActiveCfg = Release|x64
		{D40F97CA-EB86-4197-8FCD-52D1C33CD61C}.Shipping|Tegra-Android.Build.0 = Release|x64
		{D40F97CA-EB86-4197-8FCD-52D1C33CD61C}.Shipping|x64.ActiveCfg = Release|x64
		{D40F97CA-EB86-4197-8FCD-52D1C33CD61C}.Shipping|x64.Build.0 = Release|x64
		{D40F97CA-EB86-4197-8FCD-52D1C33CD61C}.Shipping|x86.ActiveCfg = Release|Win32
		{D40F97CA-EB86-4197-8FCD-52D1C33CD61C}.Shipping|x86.Build.0 = Release|Win32
		{267786EF-0F78-41B1-8C5A-3FFE507FB9B3}.Debug|ARM.ActiveCfg = Debug|Win32
		{267786EF-0F78-41B1-8C5A-3FFE507FB9B3}.Debug|ARM64.ActiveCfg = Debug|Win32
		{267786EF-0F78-41B1-8C5A-3FFE507FB9B3}.Debug|Tegra-Android.ActiveCfg = Debug|Win32
		{267786EF-0F78-41B1-8C5A-3FFE507FB9B3}.Debug|x64.ActiveCfg = Debug|x64
		{267786EF-0F78-41B1-8C5A-3FFE507FB9B3}.Debug|x64.Build.0 = Debug|x64
		{267786EF-0F78-41B1-8C5A-3FFE507FB9B3}.Debug|x86.ActiveCfg = Debug|Win32
		{267786EF-0F78-41B1-8C5A-3FFE507FB9B3}.Debug|x86.Build.0 = Debug|Win32
		{267786EF-0F78-41B1-8C5A-3FFE507FB9B3}.Release|ARM.ActiveCfg = Release|Win32
		{267786EF-0F78-41B1-8C5A-3FFE507FB9B3}.Release|ARM64.ActiveCfg = Release|Win32
		{267786EF-0F78-41B1-8C5A-3FFE507FB9B3}.Release|Tegra-Android.ActiveCfg = Release|Win32
		{267786EF-0F78-41B1-8C5A-3FFE507FB9B3}.Release|x64.ActiveCfg = Release|x64
		{267786EF-0F78-41B1-8C5A-3FFE507FB9B3}.Release|x64.Build.0 = Release|x64
		{267786EF-0F78-41B1-8C5A-3FFE507FB9B3}.Release|x86.ActiveCfg = Release|Win32
		{267786EF-0F78-41B1-8C5A-3FFE507FB9B3}.Release|x86.Build.0 = Release|Win32
		{267786EF-0F78-41B1-8C5A-3FFE507FB9B3}.Release|x86.Deploy.0 = Release|Win32
		{267786EF-0F78-41B1-8C5A-3FFE507FB9B3}.Shipping|ARM.ActiveCfg = Release|x64
		{267786EF-0F78-41B1-8C5A-3FFE507FB9B3}.Shipping|ARM.Build.0 = Release|x64
		{267786EF-0F78-41B1-8C5A-3FFE507FB9B3}.Shipping|ARM64.ActiveCfg = Release|x64
		{267786EF-0F78-41B1-8C5A-3FFE507FB9B3}.Shipping|ARM64.Build.0 = Release|x64
		{267786EF-0F78-41B1-8C5A-3FFE507FB9B3}.Shipping|Tegra-Android.ActiveCfg = Release|x64
		{267786EF-0F78-41B1-8C5A-3FFE507FB9B3}.Shipping|Tegra-Android.Build.0 = Release|x64
		{267786EF-0F78-41B1-8C5A-3FFE507FB9B3}.Shipping|x64.ActiveCfg = Release|x64
		{267786EF-0F78-41B1-8C5A-3FFE507FB9B3}.Shipping|x64.Build.0 = Release|x64
		{267786EF-0F78-41B1-8C5A-3FFE507FB9B3}.Shipping|x86.ActiveCfg = Release|Win32
		{267786EF-0F78-41B1-8C5A-3FFE507FB9B3}.Shipping|x86.Build.0 = Release|Win32
		{89961DA7-324D-4CFB-87D2-FBAA35FABE3F}.Debug|ARM.ActiveCfg = Debug|Win32
		{89961DA7-324D-4CFB-87D2-FBAA35FABE3F}.Debug|ARM64.ActiveCfg = Debug|Win32
		{89961DA7-324D-4CFB-87D2-FBAA35FABE3F}.Debug|Tegra-Android.ActiveCfg = Debug|Win32
		{89961DA7-324D-4CFB-87D2-FBAA35FABE3F}.Debug|x64.ActiveCfg = Debug|x64
		{89961DA7-324D-4CFB-87D2-FBAA35FABE3F}.Debug|x64.Build.0 = Debug|x64
		{89961DA7-324D-4CFB-87D2-FBAA35FABE3F}.Debug|x86.ActiveCfg = Debug|Win32
		{89961DA7-324D-4CFB-87D2-FBAA35FABE3F}.Debug|x86.Build.0 = Debug|Win32
		{89961DA7-324D-4CFB-87D2-FBAA35FABE3F}.Release|ARM.ActiveCfg = Release|Win32
		{89961DA7-324D-4CFB-87D2-FBAA35FABE3F}.Release|ARM64.ActiveCfg = Release|Win32
		{89961DA7-324D-4CFB-87D2-FBAA35FABE3F}.Release|Tegra-Android.ActiveCfg = Release|Win32
		{89961DA7-324D-4CFB-87D2-FBAA35FABE3F}.Release|x64.ActiveCfg = Release|x64
		{89961DA7-324D-4CFB-87D2-FBAA35FABE3F}.Release|x64.Build.0 = Release|x64
		{89961DA7-324D-4CFB-87D2-FBAA35FABE3F}.Release|x86.ActiveCfg = Release|Win32
		{89961DA7-324D-4CFB-87D2-FBAA35FABE3F}.Release|x86.Build.0 = Release|Win32
		{89961DA7-324D-4CFB-87D2-FBAA35FABE3F}.Shipping|ARM.ActiveCfg = Release|x64
		{89961DA7-324D-4CFB-87D2-FBAA35FABE3F}.Shipping|ARM.Build.0 = Release|x64
		{89961DA7-324D-4CFB-87D2-FBAA35FABE3F}.Shipping|ARM64.ActiveCfg = Release|x64
		{89961DA7-324D-4CFB-87D2-FBAA35FABE3F}.Shipping|ARM64.Build.0 = Release|x64
		{89961DA7-324D-4CFB-87D2-FBAA35FABE3F}.Shipping|Tegra-Android.ActiveCfg = Release|x64
		{89961DA7-324D-4CFB-87D2-FBAA35FABE3F}.Shipping|Tegra-Android.Build.0 = Release|x64
		{89961DA7-324D-4CFB-87D2-FBAA35FABE3F}.Shipping|x64.ActiveCfg = Release|x64
		{89961DA7-324D-4CFB-87D2-FBAA35FABE3F}.Shipping|x64.Build.0 = Release|x64
		{89961DA7-324D-4CFB-87D2-FBAA35FABE3F}.Shipping|x86.ActiveCfg = Release|Win32
		{89961DA7-324D-4CFB-87D2-FBAA35FABE3F}.Shipping|x86.Build.0 = Release|Win32
		{59C9ED54-6CFB-4C6C-8CBB-47BCA29CD88C}.Debug|ARM.ActiveCfg = Debug|Win32
		{59C9ED54-6CFB-4C6C-8CBB-47BCA29CD88C}.Debug|ARM64.ActiveCfg = Debug|Win32
		{59C9ED54-6CFB-4C6C-8CBB-47BCA29CD88C}.Debug|Tegra-Android.ActiveCfg = Debug|Win32
		{59C9ED54-6CFB-4C6C-8CBB-47BCA29CD88C}.Debug|x64.ActiveCfg = Debug|x64
		{59C9ED54-6CFB-4C6C-8CBB-47BCA29CD88C}.Debug|x64.Build.0 = Debug|x64
		{59C9ED54-6CFB-4C6C-8CBB-47BCA29CD88C}.Debug|x64.Deploy.0 = Debug|x64
		{59C9ED54-6CFB-4C6C-8CBB-47BCA29CD88C}.Debug|x86.ActiveCfg = Debug|Win32
		{59C9ED54-6CFB-4C6C-8CBB-47BCA29CD88C}.Debug|x86.Build.0 = Debug|Win32
		{59C9ED54-6CFB-4C6C-8CBB-47BCA29CD88C}.Debug|x86.Deploy.0 = Debug|Win32
		{59C9ED54-6CFB-4C6C-8CBB-47BCA29CD88C}.Release|ARM.ActiveCfg = Release|Win32
		{59C9ED54-6CFB-4C6C-8CBB-47BCA29CD88C}.Release|ARM64.ActiveCfg = Release|Win32
		{59C9ED54-6CFB-4C6C-8CBB-47BCA29CD88C}.Release|Tegra-Android.ActiveCfg = Release|Win32
		{59C9ED54-6CFB-4C6C-8CBB-47BCA29CD88C}.Release|x64.ActiveCfg = Release|x64
		{59C9ED54-6CFB-4C6C-8CBB-47BCA29CD88C}.Release|x64.Build.0 = Release|x64
		{59C9ED54-6CFB-4C6C-8CBB-47BCA29CD88C}.Release|x64.Deploy.0 = Release|x64
		{59C9ED54-6CFB-4C6C-8CBB-47BCA29CD88C}.Release|x86.ActiveCfg = Release|Win32
		{59C9ED54-6CFB-4C6C-8CBB-47BCA29CD88C}.Release|x86.Build.0 = Release|Win32
		{59C9ED54-6CFB-4C6C-8CBB-47BCA29CD88C}.Release|x86.Deploy.0 = Release|Win32
		{59C9ED54-6CFB-4C6C-8CBB-47BCA29CD88C}.Shipping|ARM.ActiveCfg = Release|x64
		{59C9ED54-6CFB-4C6C-8CBB-47BCA29CD88C}.Shipping|ARM.Build.0 = Release|x64
		{59C9ED54-6CFB-4C6C-8CBB-47BCA29CD88C}.Shipping|ARM64.ActiveCfg = Release|x64
		{59C9ED54-6CFB-4C6C-8CBB-47BCA29CD88C}.Shipping|ARM64.Build.0 = Release|x64
		{59C9ED54-6CFB-4C6C-8CBB-47BCA29CD88C}.Shipping|Tegra-Android.ActiveCfg = Release|x64
		{59C9ED54-6CFB-4C6C-8CBB-47BCA29CD88C}.Shipping|Tegra-Android.Build.0 = Release|x64
		{59C9ED54-6CFB-4C6C-8CBB-47BCA29CD88C}.Shipping|x64.ActiveCfg = Release|x64
		{59C9ED54-6CFB-4C6C-8CBB-47BCA29CD88C}.Shipping|x64.Build.0 = Release|x64
		{59C9ED54-6CFB-4C6C-8CBB-47BCA29CD88C}.Shipping|x86.ActiveCfg = Release|Win32
		{59C9ED54-6CFB-4C6C-8CBB-47BCA29CD88C}.Shipping|x86.Build.0 = Release|Win32
		{E8429258-1001-4768-9B81-5E26B1330E1E}.Debug|ARM.ActiveCfg = Debug|Win32
		{E8429258-1001-4768-9B81-5E26B1330E1E}.Debug|ARM64.ActiveCfg = Debug|Win32
		{E8429258-1001-4768-9B81-5E26B1330E1E}.Debug|Tegra-Android.ActiveCfg = Debug|Win32
		{E8429258-1001-4768-9B81-5E26B1330E1E}.Debug|x64.ActiveCfg = Debug|x64
		{E8429258-1001-4768-9B81-5E26B1330E1E}.Debug|x64.Build.0 = Debug|x64
		{E8429258-1001-4768-9B81-5E26B1330E1E}.Debug|x86.ActiveCfg = Debug|Win32
		{E8429258-1001-4768-9B81-5E26B1330E1E}.Debug|x86.Build.0 = Debug|Win32
		{E8429258-1001-4768-9B81-5E26B1330E1E}.Release|ARM.ActiveCfg = Release|Win32
		{E8429258-1001-4768-9B81-5E26B1330E1E}.Release|ARM64.ActiveCfg = Release|Win32
		{E8429258-1001-4768-9B81-5E26B1330E1E}.Release|Tegra-Android.ActiveCfg = Release|Win32
		{E8429258-1001-4768-9B81-5E26B1330E1E}.Release|x64.ActiveCfg = Release|x64
		{E8429258-1001-4768-9B81-5E26B1330E1E}.Release|x64.Build.0 = Release|x64
		{E8429258-1001-4768-9B81-5E26B1330E1E}.Release|x86.ActiveCfg = Release|Win32
		{E8429258-1001-4768-9B81-5E26B1330E1E}.Release|x86.Build.0 = Release|Win32
		{E8429258-1001-4768-9B81-5E26B1330E1E}.Shipping|ARM.ActiveCfg = Release|x64
		{E8429258-1001-4768-9B81-5E26B1330E1E}.Shipping|ARM.Build.0 = Release|x64
		{E8429258-1001-4768-9B81-5E26B1330E1E}.Shipping|ARM64.ActiveCfg = Release|x64
		{E8429258-1001-4768-9B81-5E26B1330E1E}.Shipping|ARM64.Build.0 = Release|x64
		{E8429258-1001-4768-9B81-5E26B1330E1E}.Shipping|Tegra-Android.ActiveCfg = Release|x64
		{E8429258-1001-4768-9B81-5E26B1330E1E}.Shipping|Tegra-Android.Build.0 = Release|x64
		{E8429258-1001-4768-9B81-5E26B1330E1E}.Shipping|x64.ActiveCfg = Release|x64
		{E8429258-1001-4768-9B81-5E26B1330E1E}.Shipping|x64.Build.0 = Release|x64
		{E8429258-1001-4768-9B81-5E26B1330E1E}.Shipping|x86.ActiveCfg = Release|Win32
		{E8429258-1001-4768-9B81-5E26B1330E1E}.Shipping|x86.Build.0 = Release|Win32
		{9E0801C8-D392-4D64-84D8-4D8C9A143B80}.Debug|ARM.ActiveCfg = Debug|Tegra-Android
		{9E0801C8-D392-4D64-84D8-4D8C9A143B80}.Debug|ARM64.ActiveCfg = Debug|Tegra-Android
		{9E0801C8-D392-4D64-84D8-4D8C9A143B80}.Debug|Tegra-Android.ActiveCfg = Debug|Tegra-Android
		{9E0801C8-D392-4D64-84D8-4D8C9A143B80}.Debug|Tegra-Android.Build.0 = Debug|Tegra-Android
		{9E0801C8-D392-4D64-84D8-4D8C9A143B80}.Debug|x64.ActiveCfg = Debug|Tegra-Android
		{9E0801C8-D392-4D64-84D8-4D8C9A143B80}.Debug|x86.ActiveCfg = Debug|Tegra-Android
		{9E0801C8-D392-4D64-84D8-4D8C9A143B80}.Release|ARM.ActiveCfg = Release|Tegra-Android
		{9E0801C8-D392-4D64-84D8-4D8C9A143B80}.Release|ARM64.ActiveCfg = Release|Tegra-Android
		{9E0801C8-D392-4D64-84D8-4D8C9A143B80}.Release|Tegra-Android.ActiveCfg = Release|Tegra-Android
		{9E0801C8-D392-4D64-84D8-4D8C9A143B80}.Release|Tegra-Android.Build.0 = Release|Tegra-Android
		{9E0801C8-D392-4D64-84D8-4D8C9A143B80}.Release|x64.ActiveCfg = Release|Tegra-Android
		{9E0801C8-D392-4D64-84D8-4D8C9A143B80}.Release|x86.ActiveCfg = Release|Tegra-Android
		{9E0801C8-D392-4D64-84D8-4D8C9A143B80}.Shipping|ARM.ActiveCfg = Shipping|Tegra-Android
		{9E0801C8-D392-4D64-84D8-4D8C9A143B80}.Shipping|ARM64.ActiveCfg = Shipping|Tegra-Android
		{9E0801C8-D392-4D64-84D8-4D8C9A143B80}.Shipping|Tegra-Android.ActiveCfg = Shipping|Tegra-Android
		{9E0801C8-D392-4D64-84D8-4D8C9A143B80}.Shipping|Tegra-Android.Build.0 = Shipping|Tegra-Android
		{9E0801C8-D392-4D64-84D8-4D8C9A143B80}.Shipping|x64.ActiveCfg = Shipping|Tegra-Android
		{9E0801C8-D392-4D64-84D8-4D8C9A143B80}.Shipping|x86.ActiveCfg = Shipping|Tegra-Android
		{96BD7A95-3686-4F98-9842-94BF34DC5B53}.Debug|ARM.ActiveCfg = Debug|Tegra-Android
		{96BD7A95-3686-4F98-9842-94BF34DC5B53}.Debug|ARM64.ActiveCfg = Debug|Tegra-Android
		{96BD7A95-3686-4F98-9842-94BF34DC5B53}.Debug|Tegra-Android.ActiveCfg = Debug|Tegra-Android
		{96BD7A95-3686-4F98-9842-94BF34DC5B53}.Debug|Tegra-Android.Build.0 = Debug|Tegra-Android
		{96BD7A95-3686-4F98-9842-94BF34DC5B53}.Debug|x64.ActiveCfg = Debug|Tegra-Android
		{96BD7A95-3686-4F98-9842-94BF34DC5B53}.Debug|x86.ActiveCfg = Debug|Tegra-Android
		{96BD7A95-3686-4F98-9842-94BF34DC5B53}.Release|ARM.ActiveCfg = Release|Tegra-Android
		{96BD7A95-3686-4F98-9842-94BF34DC5B53}.Release|ARM64.ActiveCfg = Release|Tegra-Android
		{96BD7A95-3686-4F98-9842-94BF34DC5B53}.Release|Tegra-Android.ActiveCfg = Release|Tegra-Android
		{96BD7A95-3686-4F98-9842-94BF34DC5B53}.Release|Tegra-Android.Build.0 = Release|Tegra-Android
		{96BD7A95-3686-4F98-9842-94BF34DC5B53}.Release|x64.ActiveCfg = Release|Tegra-Android
		{96BD7A95-3686-4F98-9842-94BF34DC5B53}.Release|x86.ActiveCfg = Release|Tegra-Android
		{96BD7A95-3686-4F98-9842-94BF34DC5B53}.Shipping|ARM.ActiveCfg = Shipping|Tegra-Android
		{96BD7A95-3686-4F98-9842-94BF34DC5B53}.Shipping|ARM64.ActiveCfg = Shipping|Tegra-Android
		{96BD7A95-3686-4F98-9842-94BF34DC5B53}.Shipping|Tegra-Android.ActiveCfg = Shipping|Tegra-Android
		{96BD7A95-3686-4F98-9842-94BF34DC5B53}.Shipping|Tegra-Android.Build.0 = Shipping|Tegra-Android
		{96BD7A95-3686-4F98-9842-94BF34DC5B53}.Shipping|x64.ActiveCfg = Shipping|Tegra-Android
		{96BD7A95-3686-4F98-9842-94BF34DC5B53}.Shipping|x86.ActiveCfg = Shipping|Tegra-Android
		{C8507827-FA01-4C33-8372-9913A3256635}.Debug|ARM.ActiveCfg = Debug|Tegra-Android
		{C8507827-FA01-4C33-8372-9913A3256635}.Debug|ARM64.ActiveCfg = Debug|Tegra-Android
		{C8507827-FA01-4C33-8372-9913A3256635}.Debug|Tegra-Android.ActiveCfg = Debug|Tegra-Android
		{C8507827-FA01-4C33-8372-9913A3256635}.Debug|Tegra-Android.Build.0 = Debug|Tegra-Android
		{C8507827-FA01-4C33-8372-9913A3256635}.Debug|x64.ActiveCfg = Debug|Tegra-Android
		{C8507827-FA01-4C33-8372-9913A3256635}.Debug|x86.ActiveCfg = Debug|Tegra-Android
		{C8507827-FA01-4C33-8372-9913A3256635}.Release|ARM.ActiveCfg = Release|Tegra-Android
		{C8507827-FA01-4C33-8372-9913A3256635}.Release|ARM64.ActiveCfg = Release|Tegra-Android
		{C8507827-FA01-4C33-8372-9913A3256635}.Release|Tegra-Android.ActiveCfg = Release|Tegra-Android
		{C8507827-FA01-4C33-8372-9913A3256635}.Release|Tegra-Android.Build.0 = Release|Tegra-Android
		{C8507827-FA01-4C33-8372-9913A3256635}.Release|x64.ActiveCfg = Release|Tegra-Android
		{C8507827-FA01-4C33-8372-9913A3256635}.Release|x86.ActiveCfg = Release|Tegra-Android
		{C8507827-FA01-4C33-8372-9913A3256635}.Shipping|ARM.ActiveCfg = Shipping|Tegra-Android
		{C8507827-FA01-4C33-8372-9913A3256635}.Shipping|ARM64.ActiveCfg = Shipping|Tegra-Android
		{C8507827-FA01-4C33-8372-9913A3256635}.Shipping|Tegra-Android.ActiveCfg = Shipping|Tegra-Android
		{C8507827-FA01-4C33-8372-9913A3256635}.Shipping|Tegra-Android.Build.0 = Shipping|Tegra-Android
		{C8507827-FA01-4C33-8372-9913A3256635}.Shipping|x64.ActiveCfg = Shipping|Tegra-Android
		{C8507827-FA01-4C33-8372-9913A3256635}.Shipping|x86.ActiveCfg = Shipping|Tegra-Android
		{37F435E0-9FA4-4085-AC41-9117A6123BBE}.Debug|ARM.ActiveCfg = Debug|Win32
		{37F435E0-9FA4-4085-AC41-9117A6123BBE}.Debug|ARM64.ActiveCfg = Debug|Win32
		{37F435E0-9FA4-4085-AC41-9117A6123BBE}.Debug|Tegra-Android.ActiveCfg = Debug|Win32
		{37F435E0-9FA4-4085-AC41-9117A6123BBE}.Debug|x64.ActiveCfg = Debug|x64
		{37F435E0-9FA4-4085-AC41-9117A6123BBE}.Debug|x64.Build.0 = Debug|x64
		{37F435E0-9FA4-4085-AC41-9117A6123BBE}.Debug|x86.ActiveCfg = Debug|Win32
		{37F435E0-9FA4-4085-AC41-9117A6123BBE}.Debug|x86.Build.0 = Debug|Win32
		{37F435E0-9FA4-4085-AC41-9117A6123BBE}.Release|ARM.ActiveCfg = Release|Win32
		{37F435E0-9FA4-4085-AC41-9117A6123BBE}.Release|ARM64.ActiveCfg = Release|Win32
		{37F435E0-9FA4-4085-AC41-9117A6123BBE}.Release|Tegra-Android.ActiveCfg = Release|Win32
		{37F435E0-9FA4-4085-AC41-9117A6123BBE}.Release|x64.ActiveCfg = Release|x64
		{37F435E0-9FA4-4085-AC41-9117A6123BBE}.Release|x64.Build.0 = Release|x64
		{37F435E0-9FA4-4085-AC41-9117A6123BBE}.Release|x86.ActiveCfg = Release|Win32
		{37F435E0-9FA4-4085-AC41-9117A6123BBE}.Release|x86.Build.0 = Release|Win32
		{37F435E0-9FA4-4085-AC41-9117A6123BBE}.Shipping|ARM.ActiveCfg = Release|x64
		{37F435E0-9FA4-4085-AC41-9117A6123BBE}.Shipping|ARM.Build.0 = Release|x64
		{37F435E0-9FA4-4085-AC41-9117A6123BBE}.Shipping|ARM64.ActiveCfg = Release|x64
		{37F435E0-9FA4-4085-AC41-9117A6123BBE}.Shipping|ARM64.Build.0 = Release|x64
		{37F435E0-9FA4-4085-AC41-9117A6123BBE}.Shipping|Tegra-Android.ActiveCfg = Release|x64
		{37F435E0-9FA4-4085-AC41-9117A6123BBE}.Shipping|Tegra-Android.Build.0 = Release|x64
		{37F435E0-9FA4-4085-AC41-9117A6123BBE}.Shipping|x64.ActiveCfg = Release|x64
		{37F435E0-9FA4-4085-AC41-9117A6123BBE}.Shipping|x64.Build.0 = Release|x64
		{37F435E0-9FA4-4085-AC41-9117A6123BBE}.Shipping|x86.ActiveCfg = Release|Win32
		{37F435E0-9FA4-4085-AC41-9117A6123BBE}.Shipping|x86.Build.0 = Release|Win32
		{15D1D5CF-CB02-4A18-B586-1BBF7A7CE425}.Debug|ARM.ActiveCfg = Debug|Win32
		{15D1D5CF-CB02-4A18-B586-1BBF7A7CE425}.Debug|ARM64.ActiveCfg = Debug|Win32
		{15D1D5CF-CB02-4A18-B586-1BBF7A7CE425}.Debug|Tegra-Android.ActiveCfg = Debug|Win32
		{15D1D5CF-CB02-4A18-B586-1BBF7A7CE425}.Debug|x64.ActiveCfg = Debug|x64
		{15D1D5CF-CB02-4A18-B586-1BBF7A7CE425}.Debug|x64.Build.0 = Debug|x64
		{15D1D5CF-CB02-4A18-B586-1BBF7A7CE425}.Debug|x86.ActiveCfg = Debug|Win32
		{15D1D5CF-CB02-4A18-B586-1BBF7A7CE425}.Debug|x86.Build.0 = Debug|Win32
		{15D1D5CF-CB02-4A18-B586-1BBF7A7CE425}.Release|ARM.ActiveCfg = Release|Win32
		{15D1D5CF-CB02-4A18-B586-1BBF7A7CE425}.Release|ARM64.ActiveCfg = Release|Win32
		{15D1D5CF-CB02-4A18-B586-1BBF7A7CE425}.Release|Tegra-Android.ActiveCfg = Release|Win32
		{15D1D5CF-CB02-4A18-B586-1BBF7A7CE425}.Release|x64.ActiveCfg = Release|x64
		{15D1D5CF-CB02-4A18-B586-1BBF7A7CE425}.Release|x64.Build.0 = Release|x64
		{15D1D5CF-CB02-4A18-B586-1BBF7A7CE425}.Release|x86.ActiveCfg = Release|Win32
		{15D1D5CF-CB02-4A18-B586-1BBF7A7CE425}.Release|x86.Build.0 = Release|Win32
		{15D1D5CF-CB02-4A18-B586-1BBF7A7CE425}.Shipping|ARM.ActiveCfg = Release|x64
		{15D1D5CF-CB02-4A18-B586-1BBF7A7CE425}.Shipping|ARM.Build.0 = Release|x64
		{15D1D5CF-CB02-4A18-B586-1BBF7A7CE425}.Shipping|ARM64.ActiveCfg = Release|x64
		{15D1D5CF-CB02-4A18-B586-1BBF7A7CE425}.Shipping|ARM64.Build.0 = Release|x64
		{15D1D5CF-CB02-4A18-B586-1BBF7A7CE425}.Shipping|Tegra-Android.ActiveCfg = Release|x64
		{15D1D5CF-CB02-4A18-B586-1BBF7A7CE425}.Shipping|Tegra-Android.Build.0 = Release|x64
		{15D1D5CF-CB02-4A18-B586-1BBF7A7CE425}.Shipping|x64.ActiveCfg = Release|x64
		{15D1D5CF-CB02-4A18-B586-1BBF7A7CE425}.Shipping|x64.Build.0 = Release|x64
		{15D1D5CF-CB02-4A18-B586-1BBF7A7CE425}.Shipping|x86.ActiveCfg = Release|Win32
		{15D1D5CF-CB02-4A18-B586-1BBF7A7CE425}.Shipping|x86.Build.0 = Release|Win32
		{17AB1E80-12BE-48C3-B8E9-98E2D1B13B23}.Debug|ARM.ActiveCfg = Debug|Win32
		{17AB1E80-12BE-48C3-B8E9-98E2D1B13B23}.Debug|ARM64.ActiveCfg = Debug|Win32
		{17AB1E80-12BE-48C3-B8E9-98E2D1B13B23}.Debug|Tegra-Android.ActiveCfg = Debug|Win32
		{17AB1E80-12BE-48C3-B8E9-98E2D1B13B23}.Debug|x64.ActiveCfg = Debug|x64
		{17AB1E80-12BE-48C3-B8E9-98E2D1B13B23}.Debug|x64.Build.0 = Debug|x64
		{17AB1E80-12BE-48C3-B8E9-98E2D1B13B23}.Debug|x86.ActiveCfg = Debug|Win32
		{17AB1E80-12BE-48C3-B8E9-98E2D1B13B23}.Debug|x86.Build.0 = Debug|Win32
		{17AB1E80-12BE-48C3-B8E9-98E2D1B13B23}.Release|ARM.ActiveCfg = Release|Win32
		{17AB1E80-12BE-48C3-B8E9-98E2D1B13B23}.Release|ARM64.ActiveCfg = Release|Win32
		{17AB1E80-12BE-48C3-B8E9-98E2D1B13B23}.Release|Tegra-Android.ActiveCfg = Release|Win32
		{17AB1E80-12BE-48C3-B8E9-98E2D1B13B23}.Release|x64.ActiveCfg = Release|x64
		{17AB1E80-12BE-48C3-B8E9-98E2D1B13B23}.Release|x64.Build.0 = Release|x64
		{17AB1E80-12BE-48C3-B8E9-98E2D1B13B23}.Release|x86.ActiveCfg = Release|Win32
		{17AB1E80-12BE-48C3-B8E9-98E2D1B13B23}.Release|x86.Build.0 = Release|Win32
		{17AB1E80-12BE-48C3-B8E9-98E2D1B13B23}.Shipping|ARM.ActiveCfg = Release|x64
		{17AB1E80-12BE-48C3-B8E9-98E2D1B13B23}.Shipping|ARM.Build.0 = Release|x64
		{17AB1E80-12BE-48C3-B8E9-98E2D1B13B23}.Shipping|ARM64.ActiveCfg = Release|x64
		{17AB1E80-12BE-48C3-B8E9-98E2D1B13B23}.Shipping|ARM64.Build.0 = Release|x64
		{17AB1E80-12BE-48C3-B8E9-98E2D1B13B23}.Shipping|Tegra-Android.ActiveCfg = Release|x64
		{17AB1E80-12BE-48C3-B8E9-98E2D1B13B23}.Shipping|Tegra-Android.Build.0 = Release|x64
		{17AB1E80-12BE-48C3-B8E9-98E2D1B13B23}.Shipping|x64.ActiveCfg = Release|x64
		{17AB1E80-12BE-48C3-B8E9-98E2D1B13B23}.Shipping|x64.Build.0 = Release|x64
		{17AB1E80-12BE-48C3-B8E9-98E2D1B13B23}.Shipping|x86.ActiveCfg = Release|Win32
		{17AB1E80-12BE-48C3-B8E9-98E2D1B13B23}.Shipping|x86.Build.0 = Release|Win32
		{B9712065-2F73-471B-ADD8-5975E24D8455}.Debug|ARM.ActiveCfg = Debug|Win32
		{B9712065-2F73-471B-ADD8-5975E24D8455}.Debug|ARM64.ActiveCfg = Debug|Win32
		{B9712065-2F73-471B-ADD8-5975E24D8455}.Debug|Tegra-Android.ActiveCfg = Debug|Win32
		{B9712065-2F73-471B-ADD8-5975E24D8455}.Debug|x64.ActiveCfg = Debug|x64
		{B9712065-2F73-471B-ADD8-5975E24D8455}.Debug|x64.Build.0 = Debug|x64
		{B9712065-2F73-471B-ADD8-5975E24D8455}.Debug|x86.ActiveCfg = Debug|Win32
		{B9712065-2F73-471B-ADD8-5975E24D8455}.Debug|x86.Build.0 = Debug|Win32
		{B9712065-2F73-471B-ADD8-5975E24D8455}.Release|ARM.ActiveCfg = Release|Win32
		{B9712065-2F73-471B-ADD8-5975E24D8455}.Release|ARM64.ActiveCfg = Release|Win32
		{B9712065-2F73-471B-ADD8-5975E24D8455}.Release|Tegra-Android.ActiveCfg = Release|Win32
		{B9712065-2F73-471B-ADD8-5975E24D8455}.Release|x64.ActiveCfg = Release|x64
		{B9712065-2F73-471B-ADD8-5975E24D8455}.Release|x64.Build.0 = Release|x64
		{B9712065-2F73-471B-ADD8-5975E24D8455}.Release|x86.ActiveCfg = Release|Win32
		{B9712065-2F73-471B-ADD8-5975E24D8455}.Release|x86.Build.0 = Release|Win32
		{B9712065-2F73-471B-ADD8-5975E24D8455}.Shipping|ARM.ActiveCfg = Release|x64
		{B9712065-2F73-471B-ADD8-5975E24D8455}.Shipping|ARM.Build.0 = Release|x64
		{B9712065-2F73-471B-ADD8-5975E24D8455}.Shipping|ARM64.ActiveCfg = Release|x64
		{B9712065-2F73-471B-ADD8-5975E24D8455}.Shipping|ARM64.Build.0 = Release|x64
		{B9712065-2F73-471B-ADD8-5975E24D8455}.Shipping|Tegra-Android.ActiveCfg = Release|x64
		{B9712065-2F73-471B-ADD8-5975E24D8455}.Shipping|Tegra-Android.Build.0 = Release|x64
		{B9712065-2F73-471B-ADD8-5975E24D8455}.Shipping|x64.ActiveCfg = Release|x64
		{B9712065-2F73-471B-ADD8-5975E24D8455}.Shipping|x64.Build.0 = Release|x64
		{B9712065-2F73-471B-ADD8-5975E24D8455}.Shipping|x86.ActiveCfg = Release|Win32
		{B9712065-2F73-471B-ADD8-5975E24D8455}.Shipping|x86.Build.0 = Release|Win32
	EndGlobalSection
	GlobalSection(SolutionProperties) = preSolution
		HideSolutionNode = FALSE
	EndGlobalSection
EndGlobal
