<?xml version="1.0" encoding="utf-8"?>
<Project ToolsVersion="4.0" xmlns="http://schemas.microsoft.com/developer/msbuild/2003">
  <ItemGroup>
    <Filter Include="Source Files">
      <UniqueIdentifier>{4FC737F1-C7A5-4376-A066-2A32D752A2FF}</UniqueIdentifier>
      <Extensions>cpp;c;cc;cxx;def;odl;idl;hpj;bat;asm;asmx</Extensions>
    </Filter>
    <Filter Include="Header Files">
      <UniqueIdentifier>{93995380-89BD-4b04-88EB-625FBE52EBFB}</UniqueIdentifier>
      <Extensions>h;hh;hpp;hxx;hm;inl;inc;xsd</Extensions>
    </Filter>
    <Filter Include="Resource Files">
      <UniqueIdentifier>{67DA6AB6-F800-4c08-8B7A-83BB121AAD01}</UniqueIdentifier>
      <Extensions>rc;ico;cur;bmp;dlg;rc2;rct;bin;rgs;gif;jpg;jpeg;jpe;resx;tiff;tif;png;wav;mfcribbon-ms</Extensions>
    </Filter>
  </ItemGroup>
  <ItemGroup>
    <Text Include="ReadMe.txt" />
  </ItemGroup>
  <ItemGroup>
    <ClInclude Include="gref_manager_pod.h">
      <Filter>Header Files</Filter>
    </ClInclude>
    <ClInclude Include="gref_ptr.h">
      <Filter>Header Files</Filter>
    </ClInclude>
    <ClInclude Include="gref_serializer_pod.h">
      <Filter>Header Files</Filter>
    </ClInclude>
    <ClInclude Include="gstring.h">
      <Filter>Header Files</Filter>
    </ClInclude>
    <ClInclude Include="netlib.h">
      <Filter>Header Files</Filter>
    </ClInclude>
    <ClInclude Include="netlib_client.h">
      <Filter>Header Files</Filter>
    </ClInclude>
    <ClInclude Include="netlib_private.h">
      <Filter>Header Files</Filter>
    </ClInclude>
    <ClInclude Include="netlib_server.h">
      <Filter>Header Files</Filter>
    </ClInclude>
    <ClInclude Include="reference_registry.h">
      <Filter>Header Files</Filter>
    </ClInclude>
    <ClInclude Include="buffer.h">
      <Filter>Header Files</Filter>
    </ClInclude>
    <ClInclude Include="gbuffer.h">
      <Filter>Header Files</Filter>
    </ClInclude>
    <ClInclude Include="glist.h">
      <Filter>Header Files</Filter>
    </ClInclude>
    <ClInclude Include="glist_base.h">
      <Filter>Header Files</Filter>
    </ClInclude>
    <ClInclude Include="gnode.h">
      <Filter>Header Files</Filter>
    </ClInclude>
    <ClInclude Include="gnode_constants.h">
      <Filter>Header Files</Filter>
    </ClInclude>
    <ClInclude Include="graph.h">
      <Filter>Header Files</Filter>
    </ClInclude>
    <ClInclude Include="gref.h">
      <Filter>Header Files</Filter>
    </ClInclude>
    <ClInclude Include="gref_definition.h">
      <Filter>Header Files</Filter>
    </ClInclude>
    <ClInclude Include="gref_definition_common.h">
      <Filter>Header Files</Filter>
    </ClInclude>
    <ClInclude Include="gref_manager_nco.h">
      <Filter>Header Files</Filter>
    </ClInclude>
    <ClInclude Include="gref_manager_obj.h">
      <Filter>Header Files</Filter>
    </ClInclude>
    <ClInclude Include="application.h">
      <Filter>Header Files</Filter>
    </ClInclude>
    <ClInclude Include="parse_int.h">
      <Filter>Header Files</Filter>
    </ClInclude>
    <ClInclude Include="gref_manager.h">
      <Filter>Header Files</Filter>
    </ClInclude>
    <ClInclude Include="gscreen.h">
      <Filter>Header Files</Filter>
    </ClInclude>
    <ClInclude Include="netlib_command.h">
      <Filter>Header Files</Filter>
    </ClInclude>
  </ItemGroup>
  <ItemGroup>
    <ClCompile Include="netlib.cpp">
      <Filter>Source Files</Filter>
    </ClCompile>
    <ClCompile Include="netlib_client.cpp">
      <Filter>Source Files</Filter>
    </ClCompile>
    <ClCompile Include="netlib_server.cpp">
      <Filter>Source Files</Filter>
    </ClCompile>
    <ClCompile Include="reference_registry.cpp">
      <Filter>Source Files</Filter>
    </ClCompile>
    <ClCompile Include="buffer.cpp">
      <Filter>Source Files</Filter>
    </ClCompile>
    <ClCompile Include="buffer_create.cpp">
      <Filter>Source Files</Filter>
    </ClCompile>
    <ClCompile Include="gnode.cpp">
      <Filter>Source Files</Filter>
    </ClCompile>
    <ClCompile Include="graph.cpp">
      <Filter>Source Files</Filter>
    </ClCompile>
    <ClCompile Include="gscreen.cpp">
      <Filter>Source Files</Filter>
    </ClCompile>
    <ClCompile Include="netlib_command.cpp">
      <Filter>Source Files</Filter>
    </ClCompile>
  </ItemGroup>
</Project>