<?xml version="1.0" encoding="utf-8"?>
<Project ToolsVersion="4.0" xmlns="http://schemas.microsoft.com/developer/msbuild/2003">
  <ItemGroup>
    <Filter Include="res">
      <UniqueIdentifier>e649ae9e-5713-4397-b3df-671c0ca87ea1</UniqueIdentifier>
    </Filter>
    <Filter Include="res\values">
      <UniqueIdentifier>3da5fa01-017a-4262-bd1c-8fcf21029db9</UniqueIdentifier>
    </Filter>
    <Filter Include="Header Files">
      <UniqueIdentifier>{4076485d-eb47-49f4-929f-d85f1e3481c7}</UniqueIdentifier>
    </Filter>
    <Filter Include="Source Files">
      <UniqueIdentifier>{9801ef47-9082-439a-8f1a-9b439034f6aa}</UniqueIdentifier>
    </Filter>
  </ItemGroup>
  <ItemGroup>
    <AndroidBuild Include="AndroidManifest.xml" />
    <AndroidBuild Include="res\values\strings.xml">
      <Filter>res\values</Filter>
    </AndroidBuild>
  </ItemGroup>
  <ItemGroup>
    <ClCompile Include="jni\jni_stuff.cpp">
      <Filter>Source Files</Filter>
    </ClCompile>
    <ClCompile Include="..\nwor\main.cpp">
      <Filter>Source Files</Filter>
    </ClCompile>
    <ClCompile Include="glue\glue.c">
      <Filter>Source Files</Filter>
    </ClCompile>
  </ItemGroup>
  <ItemGroup>
    <ClInclude Include="glue\glue.h">
      <Filter>Header Files</Filter>
    </ClInclude>
  </ItemGroup>
</Project>