<?xml version="1.0" encoding="utf-8"?>
<Project ToolsVersion="4.0" xmlns="http://schemas.microsoft.com/developer/msbuild/2003">
  <ItemGroup>
    <ClCompile Include="android_gods.cpp">
      <Filter>Source Files</Filter>
    </ClCompile>
    <ClCompile Include="..\gods\buffer.cpp">
      <Filter>Source Files</Filter>
    </ClCompile>
    <ClCompile Include="..\gods\buffer_create.cpp">
      <Filter>Source Files</Filter>
    </ClCompile>
    <ClCompile Include="..\gods\gnode.cpp">
      <Filter>Source Files</Filter>
    </ClCompile>
    <ClCompile Include="..\gods\graph.cpp">
      <Filter>Source Files</Filter>
    </ClCompile>
    <ClCompile Include="..\gods\netlib.cpp">
      <Filter>Source Files</Filter>
    </ClCompile>
    <ClCompile Include="..\gods\netlib_client.cpp">
      <Filter>Source Files</Filter>
    </ClCompile>
    <ClCompile Include="..\gods\netlib_server.cpp">
      <Filter>Source Files</Filter>
    </ClCompile>
    <ClCompile Include="..\gods\reference_registry.cpp">
      <Filter>Source Files</Filter>
    </ClCompile>
  </ItemGroup>
  <ItemGroup>
    <ClInclude Include="..\gods\application.h">
      <Filter>Header Files</Filter>
    </ClInclude>
    <ClInclude Include="..\gods\buffer.h">
      <Filter>Header Files</Filter>
    </ClInclude>
    <ClInclude Include="..\gods\gbuffer.h">
      <Filter>Header Files</Filter>
    </ClInclude>
    <ClInclude Include="..\gods\glist.h">
      <Filter>Header Files</Filter>
    </ClInclude>
    <ClInclude Include="..\gods\glist_base.h">
      <Filter>Header Files</Filter>
    </ClInclude>
    <ClInclude Include="..\gods\gnode.h">
      <Filter>Header Files</Filter>
    </ClInclude>
    <ClInclude Include="..\gods\gnode_constants.h">
      <Filter>Header Files</Filter>
    </ClInclude>
    <ClInclude Include="..\gods\graph.h">
      <Filter>Header Files</Filter>
    </ClInclude>
    <ClInclude Include="..\gods\gref.h">
      <Filter>Header Files</Filter>
    </ClInclude>
    <ClInclude Include="..\gods\gref_definition.h">
      <Filter>Header Files</Filter>
    </ClInclude>
    <ClInclude Include="..\gods\gref_definition_common.h">
      <Filter>Header Files</Filter>
    </ClInclude>
    <ClInclude Include="..\gods\gref_definition_pure.h">
      <Filter>Header Files</Filter>
    </ClInclude>
    <ClInclude Include="..\gods\gref_manager_nco.h">
      <Filter>Header Files</Filter>
    </ClInclude>
    <ClInclude Include="..\gods\gref_manager_obj.h">
      <Filter>Header Files</Filter>
    </ClInclude>
    <ClInclude Include="..\gods\gref_manager_pod.h">
      <Filter>Header Files</Filter>
    </ClInclude>
    <ClInclude Include="..\gods\gref_ptr.h">
      <Filter>Header Files</Filter>
    </ClInclude>
    <ClInclude Include="..\gods\gref_serializer_pod.h">
      <Filter>Header Files</Filter>
    </ClInclude>
    <ClInclude Include="..\gods\gstring.h">
      <Filter>Header Files</Filter>
    </ClInclude>
    <ClInclude Include="..\gods\netlib.h">
      <Filter>Header Files</Filter>
    </ClInclude>
    <ClInclude Include="..\gods\netlib_client.h">
      <Filter>Header Files</Filter>
    </ClInclude>
    <ClInclude Include="..\gods\netlib_private.h">
      <Filter>Header Files</Filter>
    </ClInclude>
    <ClInclude Include="..\gods\netlib_server.h">
      <Filter>Header Files</Filter>
    </ClInclude>
    <ClInclude Include="..\gods\parse_int.h">
      <Filter>Header Files</Filter>
    </ClInclude>
    <ClInclude Include="..\gods\reference_registry.h">
      <Filter>Header Files</Filter>
    </ClInclude>
  </ItemGroup>
  <ItemGroup>
    <Filter Include="Header Files">
      <UniqueIdentifier>{66368a27-b558-49c5-aebb-038006cf1344}</UniqueIdentifier>
    </Filter>
    <Filter Include="Source Files">
      <UniqueIdentifier>{c4e3ad73-68c9-4760-af8f-f7f933cacb2a}</UniqueIdentifier>
    </Filter>
  </ItemGroup>
</Project>