<?xml version="1.0" encoding="utf-8"?>
<Project ToolsVersion="4.0" xmlns="http://schemas.microsoft.com/developer/msbuild/2003">
  <ItemGroup>
    <ClCompile Include="android_nwol.cpp">
      <Filter>Source Files</Filter>
    </ClCompile>
    <ClCompile Include="..\nwol\ascii_screen.cpp">
      <Filter>Source Files</Filter>
    </ClCompile>
    <ClCompile Include="..\nwol\datatype.cpp">
      <Filter>Source Files</Filter>
    </ClCompile>
    <ClCompile Include="..\nwol\descriptor.cpp">
      <Filter>Source Files</Filter>
    </ClCompile>
    <ClCompile Include="..\nwol\descriptor_manager.cpp">
      <Filter>Source Files</Filter>
    </ClCompile>
    <ClCompile Include="..\nwol\gui.cpp">
      <Filter>Source Files</Filter>
    </ClCompile>
    <ClCompile Include="..\nwol\input.cpp">
      <Filter>Source Files</Filter>
    </ClCompile>
    <ClCompile Include="..\nwol\label.cpp">
      <Filter>Source Files</Filter>
    </ClCompile>
    <ClCompile Include="..\nwol\label_manager.cpp">
      <Filter>Source Files</Filter>
    </ClCompile>
    <ClCompile Include="..\nwol\log.cpp">
      <Filter>Source Files</Filter>
    </ClCompile>
    <ClCompile Include="..\nwol\runtime_module.cpp">
      <Filter>Source Files</Filter>
    </ClCompile>
    <ClCompile Include="..\nwol\storage.cpp">
      <Filter>Source Files</Filter>
    </ClCompile>
    <ClCompile Include="..\nwol\timer.cpp">
      <Filter>Source Files</Filter>
    </ClCompile>
    <ClCompile Include="vulkanandroid.cpp" />
  </ItemGroup>
  <ItemGroup>
    <ClInclude Include="..\nwol\build_global.h">
      <Filter>Header Files</Filter>
    </ClInclude>
    <ClInclude Include="..\nwol\ascii_target.h">
      <Filter>Header Files</Filter>
    </ClInclude>
    <ClInclude Include="..\nwol\ascii_screen.h">
      <Filter>Header Files</Filter>
    </ClInclude>
    <ClInclude Include="..\nwol\ascii_reference.h">
      <Filter>Header Files</Filter>
    </ClInclude>
    <ClInclude Include="..\nwol\ascii_color.h">
      <Filter>Header Files</Filter>
    </ClInclude>
    <ClInclude Include="..\nwol\array_view_bit.h">
      <Filter>Header Files</Filter>
    </ClInclude>
    <ClInclude Include="..\nwol\array_view.h">
      <Filter>Header Files</Filter>
    </ClInclude>
    <ClInclude Include="..\nwol\coord.h">
      <Filter>Header Files</Filter>
    </ClInclude>
    <ClInclude Include="..\nwol\choice.h">
      <Filter>Header Files</Filter>
    </ClInclude>
    <ClInclude Include="..\nwol\datatype.h">
      <Filter>Header Files</Filter>
    </ClInclude>
    <ClInclude Include="..\nwol\datausage.h">
      <Filter>Header Files</Filter>
    </ClInclude>
    <ClInclude Include="..\nwol\descriptor.h">
      <Filter>Header Files</Filter>
    </ClInclude>
    <ClInclude Include="..\nwol\descriptor_manager.h">
      <Filter>Header Files</Filter>
    </ClInclude>
    <ClInclude Include="..\nwol\enum.h">
      <Filter>Header Files</Filter>
    </ClInclude>
    <ClInclude Include="..\nwol\evaluation.h">
      <Filter>Header Files</Filter>
    </ClInclude>
    <ClInclude Include="..\nwol\fill.h">
      <Filter>Header Files</Filter>
    </ClInclude>
    <ClInclude Include="..\nwol\gcore_ref.h">
      <Filter>Header Files</Filter>
    </ClInclude>
    <ClInclude Include="..\nwol\grid.h">
      <Filter>Header Files</Filter>
    </ClInclude>
    <ClInclude Include="..\nwol\grid_view.h">
      <Filter>Header Files</Filter>
    </ClInclude>
    <ClInclude Include="..\nwol\gui.h">
      <Filter>Header Files</Filter>
    </ClInclude>
    <ClInclude Include="..\nwol\input.h">
      <Filter>Header Files</Filter>
    </ClInclude>
    <ClInclude Include="..\nwol\label.h">
      <Filter>Header Files</Filter>
    </ClInclude>
    <ClInclude Include="..\nwol\label_manager.h">
      <Filter>Header Files</Filter>
    </ClInclude>
    <ClInclude Include="..\nwol\multithread.h">
      <Filter>Header Files</Filter>
    </ClInclude>
    <ClInclude Include="..\nwol\noise.h">
      <Filter>Header Files</Filter>
    </ClInclude>
    <ClInclude Include="..\nwol\nwol_array.h">
      <Filter>Header Files</Filter>
    </ClInclude>
    <ClInclude Include="..\nwol\nwol_bit.h">
      <Filter>Header Files</Filter>
    </ClInclude>
    <ClInclude Include="..\nwol\nwol_color.h">
      <Filter>Header Files</Filter>
    </ClInclude>
    <ClInclude Include="..\nwol\nwol_debug.h">
      <Filter>Header Files</Filter>
    </ClInclude>
    <ClInclude Include="..\nwol\nwol_error.h">
      <Filter>Header Files</Filter>
    </ClInclude>
    <ClInclude Include="..\nwol\nwol_io.h">
      <Filter>Header Files</Filter>
    </ClInclude>
    <ClInclude Include="..\nwol\nwol_math.h">
      <Filter>Header Files</Filter>
    </ClInclude>
    <ClInclude Include="..\nwol\nwol_memory.h">
      <Filter>Header Files</Filter>
    </ClInclude>
    <ClInclude Include="..\nwol\nwol_mutex.h">
      <Filter>Header Files</Filter>
    </ClInclude>
    <ClInclude Include="..\nwol\nwol_string.h">
      <Filter>Header Files</Filter>
    </ClInclude>
    <ClInclude Include="..\nwol\platform_globals.h">
      <Filter>Header Files</Filter>
    </ClInclude>
    <ClInclude Include="..\nwol\runtime.h">
      <Filter>Header Files</Filter>
    </ClInclude>
    <ClInclude Include="..\nwol\runtime_impl.h">
      <Filter>Header Files</Filter>
    </ClInclude>
    <ClInclude Include="..\nwol\log.h">
      <Filter>Header Files</Filter>
    </ClInclude>
    <ClInclude Include="..\nwol\matrix.h">
      <Filter>Header Files</Filter>
    </ClInclude>
    <ClInclude Include="..\nwol\member_registry.h">
      <Filter>Header Files</Filter>
    </ClInclude>
    <ClInclude Include="..\nwol\misc.h">
      <Filter>Header Files</Filter>
    </ClInclude>
    <ClInclude Include="..\nwol\size.h">
      <Filter>Header Files</Filter>
    </ClInclude>
    <ClInclude Include="..\nwol\storage.h">
      <Filter>Header Files</Filter>
    </ClInclude>
    <ClInclude Include="..\nwol\struct_generator_pod.h">
      <Filter>Header Files</Filter>
    </ClInclude>
    <ClInclude Include="..\nwol\stype.h">
      <Filter>Header Files</Filter>
    </ClInclude>
    <ClInclude Include="..\nwol\text.h">
      <Filter>Header Files</Filter>
    </ClInclude>
    <ClInclude Include="..\nwol\timer.h">
      <Filter>Header Files</Filter>
    </ClInclude>
    <ClInclude Include="..\nwol\type_identifier.h">
      <Filter>Header Files</Filter>
    </ClInclude>
    <ClInclude Include="..\nwol\type_registry.h">
      <Filter>Header Files</Filter>
    </ClInclude>
    <ClInclude Include="..\nwol\typeint.h">
      <Filter>Header Files</Filter>
    </ClInclude>
    <ClInclude Include="..\nwol\unshrinkable_block_container.h">
      <Filter>Header Files</Filter>
    </ClInclude>
    <ClInclude Include="..\nwol\value.h">
      <Filter>Header Files</Filter>
    </ClInclude>
    <ClInclude Include="vulkanandroid.h" />
  </ItemGroup>
  <ItemGroup>
    <Filter Include="Header Files">
      <UniqueIdentifier>{995c7d70-1c52-40a5-807f-ea589823d2bd}</UniqueIdentifier>
    </Filter>
    <Filter Include="Source Files">
      <UniqueIdentifier>{36e1f7eb-da0e-4c43-8601-d0f5d601578b}</UniqueIdentifier>
    </Filter>
  </ItemGroup>
</Project>