<?xml version="1.0" encoding="utf-8"?>
<Project ToolsVersion="4.0" xmlns="http://schemas.microsoft.com/developer/msbuild/2003">
  <ItemGroup>
    <Filter Include="Source Files">
      <UniqueIdentifier>{4FC737F1-C7A5-4376-A066-2A32D752A2FF}</UniqueIdentifier>
      <Extensions>cpp;c;cc;cxx;def;odl;idl;hpj;bat;asm;asmx</Extensions>
    </Filter>
    <Filter Include="Header Files">
      <UniqueIdentifier>{93995380-89BD-4b04-88EB-625FBE52EBFB}</UniqueIdentifier>
      <Extensions>h;hh;hpp;hxx;hm;inl;inc;xsd</Extensions>
    </Filter>
    <Filter Include="Resource Files">
      <UniqueIdentifier>{67DA6AB6-F800-4c08-8B7A-83BB121AAD01}</UniqueIdentifier>
      <Extensions>rc;ico;cur;bmp;dlg;rc2;rct;bin;rgs;gif;jpg;jpeg;jpe;resx;tiff;tif;png;wav;mfcribbon-ms</Extensions>
    </Filter>
    <Filter Include="glabel">
      <UniqueIdentifier>{5162af89-8731-4d78-b07c-5104798e3509}</UniqueIdentifier>
    </Filter>
    <Filter Include="gdescriptor">
      <UniqueIdentifier>{78afd68a-645b-4990-9fa9-b3d04450cb9d}</UniqueIdentifier>
    </Filter>
    <Filter Include="gui">
      <UniqueIdentifier>{1739c303-de2e-40b0-9c15-70d52b89c5e0}</UniqueIdentifier>
    </Filter>
    <Filter Include="math">
      <UniqueIdentifier>{f259e5b9-4ab6-492d-9cb2-409d3995561b}</UniqueIdentifier>
    </Filter>
    <Filter Include="runtime">
      <UniqueIdentifier>{5afff5f1-1613-47d5-88cc-2531e709aa59}</UniqueIdentifier>
    </Filter>
    <Filter Include="display">
      <UniqueIdentifier>{de0366b0-7761-4d18-8d75-bf2d26a97581}</UniqueIdentifier>
    </Filter>
    <Filter Include="core">
      <UniqueIdentifier>{15289dc0-deba-490b-92a1-dc6c1b54c643}</UniqueIdentifier>
    </Filter>
    <Filter Include="container">
      <UniqueIdentifier>{fba8f62f-7de6-419f-96ce-54edf0c791fc}</UniqueIdentifier>
    </Filter>
    <Filter Include="pointer">
      <UniqueIdentifier>{21ea3285-9e5c-410d-8190-106fce73b015}</UniqueIdentifier>
    </Filter>
    <Filter Include="rtti">
      <UniqueIdentifier>{d381085f-7e5e-48ba-b750-51ae858359e6}</UniqueIdentifier>
    </Filter>
    <Filter Include="sync">
      <UniqueIdentifier>{2cdf63e3-8515-4982-91cf-5689d8f9833a}</UniqueIdentifier>
    </Filter>
    <Filter Include="render">
      <UniqueIdentifier>{70952b0c-b43b-422e-a211-f71193b966f5}</UniqueIdentifier>
    </Filter>
  </ItemGroup>
  <ItemGroup>
    <ClInclude Include="gui.h">
      <Filter>gui</Filter>
    </ClInclude>
    <ClInclude Include="nwol_math.h">
      <Filter>math</Filter>
    </ClInclude>
    <ClInclude Include="nwol_array.h">
      <Filter>container</Filter>
    </ClInclude>
    <ClInclude Include="nwol_bool.h">
      <Filter>Header Files</Filter>
    </ClInclude>
    <ClInclude Include="nwol_misc.h">
      <Filter>Header Files</Filter>
    </ClInclude>
    <ClInclude Include="nwol_input.h">
      <Filter>Header Files</Filter>
    </ClInclude>
    <ClInclude Include="nwol_timer.h">
      <Filter>Header Files</Filter>
    </ClInclude>
    <ClInclude Include="nwol_size.h">
      <Filter>container</Filter>
    </ClInclude>
    <ClInclude Include="nwol_coord.h">
      <Filter>math</Filter>
    </ClInclude>
    <ClInclude Include="nwol_matrix.h">
      <Filter>math</Filter>
    </ClInclude>
    <ClInclude Include="nwol_noise.h">
      <Filter>math</Filter>
    </ClInclude>
    <ClInclude Include="nwol_choice.h">
      <Filter>math</Filter>
    </ClInclude>
    <ClInclude Include="nwol_runtime.h">
      <Filter>runtime</Filter>
    </ClInclude>
    <ClInclude Include="nwol_runtime_impl.h">
      <Filter>runtime</Filter>
    </ClInclude>
    <ClInclude Include="nwol_text.h">
      <Filter>Header Files</Filter>
    </ClInclude>
    <ClInclude Include="nwol_storage.h">
      <Filter>Header Files</Filter>
    </ClInclude>
    <ClInclude Include="nwol_fill.h">
      <Filter>Header Files</Filter>
    </ClInclude>
    <ClInclude Include="nwol_grid.h">
      <Filter>container</Filter>
    </ClInclude>
    <ClInclude Include="nwol_grid_view.h">
      <Filter>container</Filter>
    </ClInclude>
    <ClInclude Include="nwol_array_view_bit.h">
      <Filter>container</Filter>
    </ClInclude>
    <ClInclude Include="nwol_array_view.h">
      <Filter>container</Filter>
    </ClInclude>
    <ClInclude Include="nwol_datatype.h">
      <Filter>rtti</Filter>
    </ClInclude>
    <ClInclude Include="nwol_datausage.h">
      <Filter>rtti</Filter>
    </ClInclude>
    <ClInclude Include="nwol_label.h">
      <Filter>glabel</Filter>
    </ClInclude>
    <ClInclude Include="nwol_label_manager.h">
      <Filter>glabel</Filter>
    </ClInclude>
    <ClInclude Include="nwol_descriptor_manager.h">
      <Filter>gdescriptor</Filter>
    </ClInclude>
    <ClInclude Include="nwol_descriptor.h">
      <Filter>gdescriptor</Filter>
    </ClInclude>
    <ClInclude Include="nwol_json.h">
      <Filter>Header Files</Filter>
    </ClInclude>
    <ClInclude Include="nwol_display.h">
      <Filter>display</Filter>
    </ClInclude>
    <ClInclude Include="nwol_display_graphics.h">
      <Filter>display</Filter>
    </ClInclude>
    <ClInclude Include="nwol_ascii_display.h">
      <Filter>display</Filter>
    </ClInclude>
    <ClInclude Include="nwol_typeint.h">
      <Filter>core</Filter>
    </ClInclude>
    <ClInclude Include="nwol_platform_globals.h">
      <Filter>core</Filter>
    </ClInclude>
    <ClInclude Include="nwol_log.h">
      <Filter>core</Filter>
    </ClInclude>
    <ClInclude Include="nwol_memory.h">
      <Filter>core</Filter>
    </ClInclude>
    <ClInclude Include="nwol_safe.h">
      <Filter>core</Filter>
    </ClInclude>
    <ClInclude Include="nwol_unshrinkable_block_container.h">
      <Filter>container</Filter>
    </ClInclude>
    <ClInclude Include="nwol_ptr.h">
      <Filter>pointer</Filter>
    </ClInclude>
    <ClInclude Include="nwol_platform_handle_wrapper.h">
      <Filter>pointer</Filter>
    </ClInclude>
    <ClInclude Include="nwol_com_ptr.h">
      <Filter>pointer</Filter>
    </ClInclude>
    <ClInclude Include="nwol_type_registry.h">
      <Filter>rtti</Filter>
    </ClInclude>
    <ClInclude Include="nwol_type_identifier.h">
      <Filter>rtti</Filter>
    </ClInclude>
    <ClInclude Include="stype.h">
      <Filter>rtti</Filter>
    </ClInclude>
    <ClInclude Include="nwol_member_registry.h">
      <Filter>rtti</Filter>
    </ClInclude>
    <ClInclude Include="struct_generator_pod.h">
      <Filter>rtti</Filter>
    </ClInclude>
    <ClInclude Include="gcore_ref.h">
      <Filter>rtti</Filter>
    </ClInclude>
    <ClInclude Include="gcore_ref_globals.h">
      <Filter>rtti</Filter>
    </ClInclude>
    <ClInclude Include="nwol_mutex.h">
      <Filter>sync</Filter>
    </ClInclude>
    <ClInclude Include="nwol_sleep.h">
      <Filter>sync</Filter>
    </ClInclude>
    <ClInclude Include="nwol_sync.h">
      <Filter>sync</Filter>
    </ClInclude>
    <ClInclude Include="nwol_module.h">
      <Filter>runtime</Filter>
    </ClInclude>
    <ClInclude Include="nwol_debug.h">
      <Filter>core</Filter>
    </ClInclude>
    <ClInclude Include="nwol_error.h">
      <Filter>core</Filter>
    </ClInclude>
    <ClInclude Include="nwol_string.h">
      <Filter>core</Filter>
    </ClInclude>
    <ClInclude Include="nwol_value.h">
      <Filter>core</Filter>
    </ClInclude>
    <ClInclude Include="nwol_bit.h">
      <Filter>core</Filter>
    </ClInclude>
    <ClInclude Include="nwol_enum.h">
      <Filter>rtti</Filter>
    </ClInclude>
    <ClInclude Include="nwol_ascii_target.h">
      <Filter>render</Filter>
    </ClInclude>
    <ClInclude Include="ascii_color.h">
      <Filter>render</Filter>
    </ClInclude>
    <ClInclude Include="ascii_reference.h">
      <Filter>render</Filter>
    </ClInclude>
    <ClInclude Include="nwol_color.h">
      <Filter>render</Filter>
    </ClInclude>
    <ClInclude Include="nwol_io.h">
      <Filter>core</Filter>
    </ClInclude>
    <ClInclude Include="nwol_evaluation.h">
      <Filter>core</Filter>
    </ClInclude>
    <ClInclude Include="nwol_random_generator.h">
      <Filter>Header Files</Filter>
    </ClInclude>
  </ItemGroup>
  <ItemGroup>
    <ClCompile Include="descriptor.cpp">
      <Filter>gdescriptor</Filter>
    </ClCompile>
    <ClCompile Include="gui.cpp">
      <Filter>gui</Filter>
    </ClCompile>
    <ClCompile Include="input.cpp">
      <Filter>Source Files</Filter>
    </ClCompile>
    <ClCompile Include="timer.cpp">
      <Filter>Source Files</Filter>
    </ClCompile>
    <ClCompile Include="log.cpp">
      <Filter>Source Files</Filter>
    </ClCompile>
    <ClCompile Include="storage.cpp">
      <Filter>Source Files</Filter>
    </ClCompile>
    <ClCompile Include="label_manager.cpp">
      <Filter>glabel</Filter>
    </ClCompile>
    <ClCompile Include="descriptor_manager.cpp">
      <Filter>gdescriptor</Filter>
    </ClCompile>
    <ClCompile Include="runtime_module.cpp">
      <Filter>runtime</Filter>
    </ClCompile>
    <ClCompile Include="nwol_error.cpp">
      <Filter>Source Files</Filter>
    </ClCompile>
    <ClCompile Include="text.cpp">
      <Filter>Source Files</Filter>
    </ClCompile>
    <ClCompile Include="nwol_datatype.cpp">
      <Filter>rtti</Filter>
    </ClCompile>
    <ClCompile Include="label.cpp">
      <Filter>glabel</Filter>
    </ClCompile>
    <ClCompile Include="nwol_json.cpp">
      <Filter>Source Files</Filter>
    </ClCompile>
    <ClCompile Include="nwol_ascii_display.cpp">
      <Filter>display</Filter>
    </ClCompile>
    <ClCompile Include="nwol_display.cpp">
      <Filter>display</Filter>
    </ClCompile>
    <ClCompile Include="nwol_display_graphics.cpp">
      <Filter>display</Filter>
    </ClCompile>
    <ClCompile Include="nwol_ascii_target.cpp">
      <Filter>render</Filter>
    </ClCompile>
    <ClCompile Include="nwol_noise.cpp">
      <Filter>Source Files</Filter>
    </ClCompile>
  </ItemGroup>
  <ItemGroup>
    <None Include="nwor.def">
      <Filter>runtime</Filter>
    </None>
  </ItemGroup>
</Project>